{
  "name": "@repo/transactional",
  "version": "1.0.0",
  "lockfileVersion": 3,
  "requires": true,
  "packages": {
    "": {
      "name": "@repo/transactional",
      "version": "1.0.0",
      "dependencies": {
        "@react-email/components": "1.0.1",
        "react": "^19.2.4",
        "react-dom": "^19.2.4"
      },
      "devDependencies": {
        "@react-email/preview-server": "5.0.7",
        "@types/node": "25.0.0",
        "@types/react": "19.2.7",
        "@types/react-dom": "19.2.3",
        "react-email": "5.0.7"
      }
    },
    "../../node_modules/.pnpm/@react-email+components@1.0.1_react-dom@19.2.4_react@19.2.4__react@19.2.4/node_modules/@react-email/components": {
      "version": "1.0.1",
      "license": "MIT",
      "dependencies": {
        "@react-email/body": "0.2.0",
        "@react-email/button": "0.2.0",
        "@react-email/code-block": "0.2.0",
        "@react-email/code-inline": "0.0.5",
        "@react-email/column": "0.0.13",
        "@react-email/container": "0.0.15",
        "@react-email/font": "0.0.9",
        "@react-email/head": "0.0.12",
        "@react-email/heading": "0.0.15",
        "@react-email/hr": "0.0.11",
        "@react-email/html": "0.0.11",
        "@react-email/img": "0.0.11",
        "@react-email/link": "0.0.12",
        "@react-email/markdown": "0.0.17",
        "@react-email/preview": "0.0.13",
        "@react-email/render": "2.0.0",
        "@react-email/row": "0.0.12",
        "@react-email/section": "0.0.16",
        "@react-email/tailwind": "2.0.1",
        "@react-email/text": "0.1.5"
      },
      "devDependencies": {
        "tsconfig": "0.0.0",
        "typescript": "5.8.3"
      },
      "engines": {
        "node": ">=22.0.0"
      },
      "peerDependencies": {
        "react": "^18.0 || ^19.0 || ^19.0.0-rc"
      }
    },
    "../../node_modules/.pnpm/@react-email+preview-server@5.0.7_@babel+core@7.29.0_@opentelemetry+api@1.9.1_react-dom@19.2._mkz3qodf5spihpbdduk4ncfwri/node_modules/@react-email/preview-server": {
      "version": "5.0.7",
      "dev": true,
      "license": "MIT",
      "dependencies": {
        "next": "16.0.7"
      },
      "devDependencies": {
        "@babel/core": "7.26.10",
        "@babel/parser": "7.27.0",
        "@babel/traverse": "7.27.0",
        "@lottiefiles/dotlottie-react": "0.13.3",
        "@radix-ui/colors": "3.0.0",
        "@radix-ui/react-collapsible": "1.1.12",
        "@radix-ui/react-dropdown-menu": "2.1.16",
        "@radix-ui/react-popover": "1.1.15",
        "@radix-ui/react-slot": "1.2.3",
        "@radix-ui/react-tabs": "1.1.13",
        "@radix-ui/react-toggle": "1.1.10",
        "@radix-ui/react-toggle-group": "1.1.11",
        "@radix-ui/react-tooltip": "1.2.8",
        "@react-email/components": "1.0.1",
        "@react-email/tailwind": "2.0.1",
        "@tailwindcss/postcss": "4.1.17",
        "@types/babel__core": "7.20.5",
        "@types/babel__traverse": "7.20.7",
        "@types/css-tree": "2.3.10",
        "@types/fs-extra": "11.0.1",
        "@types/mime-types": "2.1.4",
        "@types/node": "22.14.1",
        "@types/normalize-path": "3.0.2",
        "@types/react": "19.0.10",
        "@types/react-dom": "19.0.4",
        "@types/webpack": "5.28.5",
        "clsx": "2.1.1",
        "colorjs.io": "0.5.2",
        "esbuild": "0.25.10",
        "framer-motion": "12.23.22",
        "log-symbols": "4.1.0",
        "module-punycode": "npm:punycode@2.3.1",
        "next-safe-action": "8.0.11",
        "node-html-parser": "7.0.1",
        "ora": "5.4.1",
        "postcss": "8.5.3",
        "pretty-bytes": "6.1.1",
        "prism-react-renderer": "2.4.1",
        "react": "19.0.0",
        "react-dom": "19.0.0",
        "resend": "6.4.0",
        "sharp": "0.34.4",
        "socket.io-client": "4.8.1",
        "sonner": "2.0.3",
        "source-map-js": "1.2.1",
        "stacktrace-parser": "0.1.11",
        "tailwind-merge": "3.2.0",
        "tailwindcss": "4.1.17",
        "typescript": "5.8.3",
        "use-debounce": "10.0.4",
        "zod": "4.1.12"
      }
    },
    "../../node_modules/.pnpm/@types+node@25.0.0/node_modules/@types/node": {
      "version": "25.0.0",
      "dev": true,
      "license": "MIT",
      "dependencies": {
        "undici-types": "~7.16.0"
      }
    },
    "../../node_modules/.pnpm/@types+react-dom@19.2.3_@types+react@19.2.7/node_modules/@types/react-dom": {
      "version": "19.2.3",
      "dev": true,
      "license": "MIT",
      "peerDependencies": {
        "@types/react": "^19.2.0"
      }
    },
    "../../node_modules/.pnpm/@types+react@19.2.7/node_modules/@types/react": {
      "version": "19.2.7",
      "dev": true,
      "license": "MIT",
      "dependencies": {
        "csstype": "^3.2.2"
      }
    },
    "../../node_modules/.pnpm/react-dom@19.2.4_react@19.2.4/node_modules/react-dom": {
      "version": "19.2.4",
      "license": "MIT",
      "dependencies": {
        "scheduler": "^0.27.0"
      },
      "peerDependencies": {
        "react": "^19.2.4"
      }
    },
    "../../node_modules/.pnpm/react-email@5.0.7/node_modules/react-email": {
      "version": "5.0.7",
      "dev": true,
      "license": "MIT",
      "dependencies": {
        "@babel/parser": "^7.27.0",
        "@babel/traverse": "^7.27.0",
        "chokidar": "^4.0.3",
        "commander": "^13.0.0",
        "conf": "^15.0.2",
        "debounce": "^2.0.0",
        "esbuild": "^0.25.0",
        "glob": "^11.0.0",
        "jiti": "2.4.2",
        "log-symbols": "^7.0.0",
        "mime-types": "^3.0.0",
        "normalize-path": "^3.0.0",
        "nypm": "0.6.0",
        "ora": "^8.0.0",
        "prompts": "2.4.2",
        "socket.io": "^4.8.1",
        "tsconfig-paths": "4.2.0"
      },
      "bin": {
        "email": "dist/index.js"
      },
      "devDependencies": {
        "@react-email/components": "1.0.1",
        "@types/babel__core": "7.20.5",
        "@types/babel__traverse": "7.20.7",
        "@types/mime-types": "2.1.4",
        "@types/prompts": "2.4.9",
        "next": "16.0.7",
        "react": "19.0.0",
        "react-dom": "19.0.0",
        "typescript": "5.8.3"
      },
      "engines": {
        "node": ">=20.0.0"
      }
    },
    "../../node_modules/.pnpm/react@19.2.4/node_modules/react": {
      "version": "19.2.4",
      "license": "MIT",
      "engines": {
        "node": ">=0.10.0"
      }
    },
    "node_modules/@react-email/components": {
      "resolved": "../../node_modules/.pnpm/@react-email+components@1.0.1_react-dom@19.2.4_react@19.2.4__react@19.2.4/node_modules/@react-email/components",
      "link": true
    },
    "node_modules/@react-email/preview-server": {
      "resolved": "../../node_modules/.pnpm/@react-email+preview-server@5.0.7_@babel+core@7.29.0_@opentelemetry+api@1.9.1_react-dom@19.2._mkz3qodf5spihpbdduk4ncfwri/node_modules/@react-email/preview-server",
      "link": true
    },
    "node_modules/@types/node": {
      "resolved": "../../node_modules/.pnpm/@types+node@25.0.0/node_modules/@types/node",
      "link": true
    },
    "node_modules/@types/react": {
      "resolved": "../../node_modules/.pnpm/@types+react@19.2.7/node_modules/@types/react",
      "link": true
    },
    "node_modules/@types/react-dom": {
      "resolved": "../../node_modules/.pnpm/@types+react-dom@19.2.3_@types+react@19.2.7/node_modules/@types/react-dom",
      "link": true
    },
    "node_modules/react": {
      "resolved": "../../node_modules/.pnpm/react@19.2.4/node_modules/react",
      "link": true
    },
    "node_modules/react-dom": {
      "resolved": "../../node_modules/.pnpm/react-dom@19.2.4_react@19.2.4/node_modules/react-dom",
      "link": true
    },
    "node_modules/react-email": {
      "resolved": "../../node_modules/.pnpm/react-email@5.0.7/node_modules/react-email",
      "link": true
    }
  }
}
