{
  "name": "server",
  "version": "1.0.0",
  "lockfileVersion": 3,
  "requires": true,
  "packages": {
    "": {
      "name": "server",
      "version": "1.0.0",
      "license": "ISC",
      "dependencies": {
        "better-auth": "^1.5.6",
        "cors": "^2.8.6",
        "dotenv": "^17.3.1",
        "express": "^5.2.1"
      },
      "devDependencies": {
        "@types/cors": "^2.8.19",
        "@types/express": "^5.0.6",
        "@types/node": "^20",
        "typescript": "^6.0.2"
      }
    },
    "../../node_modules/.pnpm/@types+cors@2.8.19/node_modules/@types/cors": {
      "version": "2.8.19",
      "dev": true,
      "license": "MIT",
      "dependencies": {
        "@types/node": "*"
      }
    },
    "../../node_modules/.pnpm/@types+express@5.0.6/node_modules/@types/express": {
      "version": "5.0.6",
      "dev": true,
      "license": "MIT",
      "dependencies": {
        "@types/body-parser": "*",
        "@types/express-serve-static-core": "^5.0.0",
        "@types/serve-static": "^2"
      }
    },
    "../../node_modules/.pnpm/@types+node@20.19.37/node_modules/@types/node": {
      "version": "20.19.37",
      "dev": true,
      "license": "MIT",
      "dependencies": {
        "undici-types": "~6.21.0"
      }
    },
    "../../node_modules/.pnpm/cors@2.8.6/node_modules/cors": {
      "version": "2.8.6",
      "license": "MIT",
      "dependencies": {
        "object-assign": "^4",
        "vary": "^1"
      },
      "devDependencies": {
        "after": "0.8.2",
        "eslint": "7.30.0",
        "express": "4.21.2",
        "mocha": "9.2.2",
        "nyc": "15.1.0",
        "supertest": "6.1.3"
      },
      "engines": {
        "node": ">= 0.10"
      },
      "funding": {
        "type": "opencollective",
        "url": "https://opencollective.com/express"
      }
    },
    "../../node_modules/.pnpm/dotenv@17.3.1/node_modules/dotenv": {
      "version": "17.3.1",
      "license": "BSD-2-Clause",
      "devDependencies": {
        "@types/node": "^18.11.3",
        "decache": "^4.6.2",
        "sinon": "^14.0.1",
        "standard": "^17.0.0",
        "standard-version": "^9.5.0",
        "tap": "^19.2.0",
        "typescript": "^4.8.4"
      },
      "engines": {
        "node": ">=12"
      },
      "funding": {
        "url": "https://dotenvx.com"
      }
    },
    "../../node_modules/.pnpm/express@5.2.1/node_modules/express": {
      "version": "5.2.1",
      "license": "MIT",
      "dependencies": {
        "accepts": "^2.0.0",
        "body-parser": "^2.2.1",
        "content-disposition": "^1.0.0",
        "content-type": "^1.0.5",
        "cookie": "^0.7.1",
        "cookie-signature": "^1.2.1",
        "debug": "^4.4.0",
        "depd": "^2.0.0",
        "encodeurl": "^2.0.0",
        "escape-html": "^1.0.3",
        "etag": "^1.8.1",
        "finalhandler": "^2.1.0",
        "fresh": "^2.0.0",
        "http-errors": "^2.0.0",
        "merge-descriptors": "^2.0.0",
        "mime-types": "^3.0.0",
        "on-finished": "^2.4.1",
        "once": "^1.4.0",
        "parseurl": "^1.3.3",
        "proxy-addr": "^2.0.7",
        "qs": "^6.14.0",
        "range-parser": "^1.2.1",
        "router": "^2.2.0",
        "send": "^1.1.0",
        "serve-static": "^2.2.0",
        "statuses": "^2.0.1",
        "type-is": "^2.0.1",
        "vary": "^1.1.2"
      },
      "devDependencies": {
        "after": "0.8.2",
        "connect-redis": "^8.0.1",
        "cookie-parser": "1.4.7",
        "cookie-session": "2.1.1",
        "ejs": "^3.1.10",
        "eslint": "8.47.0",
        "express-session": "^1.18.1",
        "hbs": "4.2.0",
        "marked": "^15.0.3",
        "method-override": "3.0.0",
        "mocha": "^10.7.3",
        "morgan": "1.10.1",
        "nyc": "^17.1.0",
        "pbkdf2-password": "1.2.1",
        "supertest": "^6.3.0",
        "vhost": "~3.0.2"
      },
      "engines": {
        "node": ">= 18"
      },
      "funding": {
        "type": "opencollective",
        "url": "https://opencollective.com/express"
      }
    },
    "../../node_modules/.pnpm/ts-node-dev@2.0.0_@types+node@20.19.37_typescript@6.0.2/node_modules/ts-node-dev": {
      "version": "2.0.0",
      "extraneous": true,
      "license": "MIT",
      "dependencies": {
        "chokidar": "^3.5.1",
        "dynamic-dedupe": "^0.3.0",
        "minimist": "^1.2.6",
        "mkdirp": "^1.0.4",
        "resolve": "^1.0.0",
        "rimraf": "^2.6.1",
        "source-map-support": "^0.5.12",
        "tree-kill": "^1.2.2",
        "ts-node": "^10.4.0",
        "tsconfig": "^7.0.0"
      },
      "bin": {
        "ts-node-dev": "lib/bin.js",
        "tsnd": "lib/bin.js"
      },
      "devDependencies": {
        "@types/chai": "^4.2.12",
        "@types/chokidar": "^2.1.3",
        "@types/fs-extra": "^9.0.1",
        "@types/minimist": "^1.2.0",
        "@types/mkdirp": "^1.0.1",
        "@types/mocha": "github:whitecolor/mocha-types",
        "@types/node": "^14.6.0",
        "@types/rimraf": "^3.0.0",
        "@types/tape": "^4.13.0",
        "@types/touch": "^3.1.1",
        "@types/ts-nameof": "^4.2.1",
        "@whitecolor/eslint-config": "^1.0.0",
        "chai": "^4.2.0",
        "chalk": "^4.1.0",
        "coffee-script": "^1.8.0",
        "eslint": "^7.7.0",
        "esm": "^3.2.22",
        "fs-extra": "^9.0.1",
        "mocha": "^8.1.1",
        "np": "^7.6.1",
        "tap": "^5.2.0",
        "tape": "^5.0.1",
        "touch": "^1.0.0",
        "ts-nameof": "^5.0.0",
        "tsconfig-paths": "^3.3.1",
        "ttypescript": "^1.5.10",
        "typescript": "^3.9.5"
      },
      "engines": {
        "node": ">=0.8.0"
      },
      "peerDependencies": {
        "node-notifier": "*",
        "typescript": "*"
      },
      "peerDependenciesMeta": {
        "node-notifier": {
          "optional": true
        }
      }
    },
    "../../node_modules/.pnpm/tsx@4.21.0/node_modules/tsx": {
      "version": "4.21.0",
      "extraneous": true,
      "license": "MIT",
      "dependencies": {
        "esbuild": "~0.27.0",
        "get-tsconfig": "^4.7.5"
      },
      "bin": {
        "tsx": "dist/cli.mjs"
      },
      "engines": {
        "node": ">=18.0.0"
      },
      "optionalDependencies": {
        "fsevents": "~2.3.3"
      }
    },
    "../../node_modules/.pnpm/typescript@6.0.2/node_modules/typescript": {
      "version": "6.0.2",
      "dev": true,
      "license": "Apache-2.0",
      "bin": {
        "tsc": "bin/tsc",
        "tsserver": "bin/tsserver"
      },
      "devDependencies": {
        "@dprint/formatter": "^0.4.1",
        "@dprint/typescript": "0.93.4",
        "@esfx/canceltoken": "^1.0.0",
        "@eslint/js": "^10.0.1",
        "@octokit/rest": "^22.0.1",
        "@types/chai": "^4.3.20",
        "@types/minimist": "^1.2.5",
        "@types/mocha": "^10.0.10",
        "@types/ms": "^2.1.0",
        "@types/node": "latest",
        "@types/source-map-support": "^0.5.10",
        "@types/which": "^3.0.4",
        "@typescript-eslint/rule-tester": "^8.56.1",
        "@typescript-eslint/type-utils": "^8.56.1",
        "@typescript-eslint/utils": "^8.56.1",
        "azure-devops-node-api": "^15.1.3",
        "c8": "^10.1.3",
        "chai": "^4.5.0",
        "chokidar": "^4.0.3",
        "diff": "^8.0.3",
        "dprint": "^0.49.1",
        "esbuild": "^0.27.3",
        "eslint": "^10.0.2",
        "eslint-plugin-regexp": "^3.0.0",
        "fast-xml-parser": "^5.4.1",
        "glob": "^10.5.0",
        "globals": "^17.4.0",
        "hereby": "^1.12.0",
        "jsonc-parser": "^3.3.1",
        "knip": "^5.85.0",
        "minimist": "^1.2.8",
        "mocha": "^10.8.2",
        "mocha-fivemat-progress-reporter": "^0.1.0",
        "monocart-coverage-reports": "^2.12.9",
        "ms": "^2.1.3",
        "picocolors": "^1.1.1",
        "playwright": "^1.58.2",
        "source-map-support": "^0.5.21",
        "tslib": "^2.8.1",
        "typescript": "^5.9.3",
        "typescript-eslint": "^8.56.1",
        "which": "^3.0.1"
      },
      "engines": {
        "node": ">=14.17"
      }
    },
    "node_modules/@better-auth/core": {
      "version": "1.5.6",
      "resolved": "https://registry.npmjs.org/@better-auth/core/-/core-1.5.6.tgz",
      "integrity": "sha512-Ez9DZdIMFyxHremmoLz1emFPGNQomDC1jqqBPnZ6Ci+6TiGN3R9w/Y03cJn6I8r1ycKgOzeVMZtJ/erOZ27Gsw==",
      "license": "MIT",
      "peer": true,
      "dependencies": {
        "@opentelemetry/semantic-conventions": "^1.39.0",
        "@standard-schema/spec": "^1.1.0",
        "zod": "^4.3.6"
      },
      "peerDependencies": {
        "@better-auth/utils": "0.3.1",
        "@better-fetch/fetch": "1.1.21",
        "@cloudflare/workers-types": ">=4",
        "@opentelemetry/api": "^1.9.0",
        "better-call": "1.3.2",
        "jose": "^6.1.0",
        "kysely": "^0.28.5",
        "nanostores": "^1.0.1"
      },
      "peerDependenciesMeta": {
        "@cloudflare/workers-types": {
          "optional": true
        }
      }
    },
    "node_modules/@better-auth/drizzle-adapter": {
      "version": "1.5.6",
      "resolved": "https://registry.npmjs.org/@better-auth/drizzle-adapter/-/drizzle-adapter-1.5.6.tgz",
      "integrity": "sha512-VfFFmaoFw3ug12SiSuIwzrMoHyIVmkMGWm9gZ4sXdYYVX4HboCL4m3fjzOhppcmK5OGatRuU+N1UX6wxCITcXw==",
      "license": "MIT",
      "peerDependencies": {
        "@better-auth/core": "1.5.6",
        "@better-auth/utils": "^0.3.0",
        "drizzle-orm": ">=0.41.0"
      },
      "peerDependenciesMeta": {
        "drizzle-orm": {
          "optional": true
        }
      }
    },
    "node_modules/@better-auth/kysely-adapter": {
      "version": "1.5.6",
      "resolved": "https://registry.npmjs.org/@better-auth/kysely-adapter/-/kysely-adapter-1.5.6.tgz",
      "integrity": "sha512-Fnf+h8WVKtw6lEOmVmiVVzDf3shJtM60AYf9XTnbdCeUd6MxN/KnaJZpkgtYnRs7a+nwtkVB+fg4lGETebGFXQ==",
      "license": "MIT",
      "peerDependencies": {
        "@better-auth/core": "1.5.6",
        "@better-auth/utils": "^0.3.0",
        "kysely": "^0.27.0 || ^0.28.0"
      },
      "peerDependenciesMeta": {
        "kysely": {
          "optional": true
        }
      }
    },
    "node_modules/@better-auth/memory-adapter": {
      "version": "1.5.6",
      "resolved": "https://registry.npmjs.org/@better-auth/memory-adapter/-/memory-adapter-1.5.6.tgz",
      "integrity": "sha512-rS7ZsrIl5uvloUgNN0u9LOZJMMXnsZXVdUZ3MrTBKWM2KpoJjzPr9yN3Szyma5+0V7SltnzSGHPkYj2bEzzmlA==",
      "license": "MIT",
      "peerDependencies": {
        "@better-auth/core": "1.5.6",
        "@better-auth/utils": "^0.3.0"
      }
    },
    "node_modules/@better-auth/mongo-adapter": {
      "version": "1.5.6",
      "resolved": "https://registry.npmjs.org/@better-auth/mongo-adapter/-/mongo-adapter-1.5.6.tgz",
      "integrity": "sha512-6+M3MS2mor8fTUV3EI1FBLP0cs6QfbN+Ovx9+XxR/GdfKIBoNFzmPEPRbdGt+ft6PvrITsUm+T70+kkHgVSP6w==",
      "license": "MIT",
      "peerDependencies": {
        "@better-auth/core": "1.5.6",
        "@better-auth/utils": "^0.3.0",
        "mongodb": "^6.0.0 || ^7.0.0"
      },
      "peerDependenciesMeta": {
        "mongodb": {
          "optional": true
        }
      }
    },
    "node_modules/@better-auth/prisma-adapter": {
      "version": "1.5.6",
      "resolved": "https://registry.npmjs.org/@better-auth/prisma-adapter/-/prisma-adapter-1.5.6.tgz",
      "integrity": "sha512-UxY9vQJs1Tt+O+T2YQnseDMlWmUSQvFZSBb5YiFRg7zcm+TEzujh4iX2/csA0YiZptLheovIuVWTP9nriewEBA==",
      "license": "MIT",
      "peerDependencies": {
        "@better-auth/core": "1.5.6",
        "@better-auth/utils": "^0.3.0",
        "@prisma/client": "^5.0.0 || ^6.0.0 || ^7.0.0",
        "prisma": "^5.0.0 || ^6.0.0 || ^7.0.0"
      },
      "peerDependenciesMeta": {
        "@prisma/client": {
          "optional": true
        },
        "prisma": {
          "optional": true
        }
      }
    },
    "node_modules/@better-auth/telemetry": {
      "version": "1.5.6",
      "resolved": "https://registry.npmjs.org/@better-auth/telemetry/-/telemetry-1.5.6.tgz",
      "integrity": "sha512-yXC7NSxnIFlxDkGdpD7KA+J9nqIQAPCJKe77GoaC5bWoe/DALo1MYorZfTgOafS7wrslNtsPT4feV/LJi1ubqQ==",
      "license": "MIT",
      "dependencies": {
        "@better-auth/utils": "0.3.1",
        "@better-fetch/fetch": "1.1.21"
      },
      "peerDependencies": {
        "@better-auth/core": "1.5.6"
      }
    },
    "node_modules/@better-auth/utils": {
      "version": "0.3.1",
      "resolved": "https://registry.npmjs.org/@better-auth/utils/-/utils-0.3.1.tgz",
      "integrity": "sha512-+CGp4UmZSUrHHnpHhLPYu6cV+wSUSvVbZbNykxhUDocpVNTo9uFFxw/NqJlh1iC4wQ9HKKWGCKuZ5wUgS0v6Kg==",
      "license": "MIT",
      "peer": true
    },
    "node_modules/@better-fetch/fetch": {
      "version": "1.1.21",
      "resolved": "https://registry.npmjs.org/@better-fetch/fetch/-/fetch-1.1.21.tgz",
      "integrity": "sha512-/ImESw0sskqlVR94jB+5+Pxjf+xBwDZF/N5+y2/q4EqD7IARUTSpPfIo8uf39SYpCxyOCtbyYpUrZ3F/k0zT4A==",
      "peer": true
    },
    "node_modules/@noble/ciphers": {
      "version": "2.1.1",
      "resolved": "https://registry.npmjs.org/@noble/ciphers/-/ciphers-2.1.1.tgz",
      "integrity": "sha512-bysYuiVfhxNJuldNXlFEitTVdNnYUc+XNJZd7Qm2a5j1vZHgY+fazadNFWFaMK/2vye0JVlxV3gHmC0WDfAOQw==",
      "license": "MIT",
      "engines": {
        "node": ">= 20.19.0"
      },
      "funding": {
        "url": "https://paulmillr.com/funding/"
      }
    },
    "node_modules/@noble/hashes": {
      "version": "2.0.1",
      "resolved": "https://registry.npmjs.org/@noble/hashes/-/hashes-2.0.1.tgz",
      "integrity": "sha512-XlOlEbQcE9fmuXxrVTXCTlG2nlRXa9Rj3rr5Ue/+tX+nmkgbX720YHh0VR3hBF9xDvwnb8D2shVGOwNx+ulArw==",
      "license": "MIT",
      "engines": {
        "node": ">= 20.19.0"
      },
      "funding": {
        "url": "https://paulmillr.com/funding/"
      }
    },
    "node_modules/@opentelemetry/api": {
      "version": "1.9.1",
      "resolved": "https://registry.npmjs.org/@opentelemetry/api/-/api-1.9.1.tgz",
      "integrity": "sha512-gLyJlPHPZYdAk1JENA9LeHejZe1Ti77/pTeFm/nMXmQH/HFZlcS/O2XJB+L8fkbrNSqhdtlvjBVjxwUYanNH5Q==",
      "license": "Apache-2.0",
      "peer": true,
      "engines": {
        "node": ">=8.0.0"
      }
    },
    "node_modules/@opentelemetry/semantic-conventions": {
      "version": "1.40.0",
      "resolved": "https://registry.npmjs.org/@opentelemetry/semantic-conventions/-/semantic-conventions-1.40.0.tgz",
      "integrity": "sha512-cifvXDhcqMwwTlTK04GBNeIe7yyo28Mfby85QXFe1Yk8nmi36Ab/5UQwptOx84SsoGNRg+EVSjwzfSZMy6pmlw==",
      "license": "Apache-2.0",
      "engines": {
        "node": ">=14"
      }
    },
    "node_modules/@standard-schema/spec": {
      "version": "1.1.0",
      "resolved": "https://registry.npmjs.org/@standard-schema/spec/-/spec-1.1.0.tgz",
      "integrity": "sha512-l2aFy5jALhniG5HgqrD6jXLi/rUWrKvqN/qJx6yoJsgKhblVd+iqqU4RCXavm/jPityDo5TCvKMnpjKnOriy0w==",
      "license": "MIT"
    },
    "node_modules/@types/cors": {
      "resolved": "../../node_modules/.pnpm/@types+cors@2.8.19/node_modules/@types/cors",
      "link": true
    },
    "node_modules/@types/express": {
      "resolved": "../../node_modules/.pnpm/@types+express@5.0.6/node_modules/@types/express",
      "link": true
    },
    "node_modules/@types/node": {
      "resolved": "../../node_modules/.pnpm/@types+node@20.19.37/node_modules/@types/node",
      "link": true
    },
    "node_modules/better-auth": {
      "version": "1.5.6",
      "resolved": "https://registry.npmjs.org/better-auth/-/better-auth-1.5.6.tgz",
      "integrity": "sha512-QSpJTqaT1XVfWRQe/fm3PgeuwOIlz1nWX/Dx7nsHStJ382bLzmDbQk2u7IT0IJ6wS5SRxfqEE1Ev9TXontgyAQ==",
      "license": "MIT",
      "dependencies": {
        "@better-auth/core": "1.5.6",
        "@better-auth/drizzle-adapter": "1.5.6",
        "@better-auth/kysely-adapter": "1.5.6",
        "@better-auth/memory-adapter": "1.5.6",
        "@better-auth/mongo-adapter": "1.5.6",
        "@better-auth/prisma-adapter": "1.5.6",
        "@better-auth/telemetry": "1.5.6",
        "@better-auth/utils": "0.3.1",
        "@better-fetch/fetch": "1.1.21",
        "@noble/ciphers": "^2.1.1",
        "@noble/hashes": "^2.0.1",
        "better-call": "1.3.2",
        "defu": "^6.1.4",
        "jose": "^6.1.3",
        "kysely": "^0.28.12",
        "nanostores": "^1.1.1",
        "zod": "^4.3.6"
      },
      "peerDependencies": {
        "@lynx-js/react": "*",
        "@prisma/client": "^5.0.0 || ^6.0.0 || ^7.0.0",
        "@sveltejs/kit": "^2.0.0",
        "@tanstack/react-start": "^1.0.0",
        "@tanstack/solid-start": "^1.0.0",
        "better-sqlite3": "^12.0.0",
        "drizzle-kit": ">=0.31.4",
        "drizzle-orm": ">=0.41.0",
        "mongodb": "^6.0.0 || ^7.0.0",
        "mysql2": "^3.0.0",
        "next": "^14.0.0 || ^15.0.0 || ^16.0.0",
        "pg": "^8.0.0",
        "prisma": "^5.0.0 || ^6.0.0 || ^7.0.0",
        "react": "^18.0.0 || ^19.0.0",
        "react-dom": "^18.0.0 || ^19.0.0",
        "solid-js": "^1.0.0",
        "svelte": "^4.0.0 || ^5.0.0",
        "vitest": "^2.0.0 || ^3.0.0 || ^4.0.0",
        "vue": "^3.0.0"
      },
      "peerDependenciesMeta": {
        "@lynx-js/react": {
          "optional": true
        },
        "@prisma/client": {
          "optional": true
        },
        "@sveltejs/kit": {
          "optional": true
        },
        "@tanstack/react-start": {
          "optional": true
        },
        "@tanstack/solid-start": {
          "optional": true
        },
        "better-sqlite3": {
          "optional": true
        },
        "drizzle-kit": {
          "optional": true
        },
        "drizzle-orm": {
          "optional": true
        },
        "mongodb": {
          "optional": true
        },
        "mysql2": {
          "optional": true
        },
        "next": {
          "optional": true
        },
        "pg": {
          "optional": true
        },
        "prisma": {
          "optional": true
        },
        "react": {
          "optional": true
        },
        "react-dom": {
          "optional": true
        },
        "solid-js": {
          "optional": true
        },
        "svelte": {
          "optional": true
        },
        "vitest": {
          "optional": true
        },
        "vue": {
          "optional": true
        }
      }
    },
    "node_modules/better-call": {
      "version": "1.3.2",
      "resolved": "https://registry.npmjs.org/better-call/-/better-call-1.3.2.tgz",
      "integrity": "sha512-4cZIfrerDsNTn3cm+MhLbUePN0gdwkhSXEuG7r/zuQ8c/H7iU0/jSK5TD3FW7U0MgKHce/8jGpPYNO4Ve+4NBw==",
      "license": "MIT",
      "peer": true,
      "dependencies": {
        "@better-auth/utils": "^0.3.1",
        "@better-fetch/fetch": "^1.1.21",
        "rou3": "^0.7.12",
        "set-cookie-parser": "^3.0.1"
      },
      "peerDependencies": {
        "zod": "^4.0.0"
      },
      "peerDependenciesMeta": {
        "zod": {
          "optional": true
        }
      }
    },
    "node_modules/cors": {
      "resolved": "../../node_modules/.pnpm/cors@2.8.6/node_modules/cors",
      "link": true
    },
    "node_modules/defu": {
      "version": "6.1.4",
      "resolved": "https://registry.npmjs.org/defu/-/defu-6.1.4.tgz",
      "integrity": "sha512-mEQCMmwJu317oSz8CwdIOdwf3xMif1ttiM8LTufzc3g6kR+9Pe236twL8j3IYT1F7GfRgGcW6MWxzZjLIkuHIg==",
      "license": "MIT"
    },
    "node_modules/dotenv": {
      "resolved": "../../node_modules/.pnpm/dotenv@17.3.1/node_modules/dotenv",
      "link": true
    },
    "node_modules/express": {
      "resolved": "../../node_modules/.pnpm/express@5.2.1/node_modules/express",
      "link": true
    },
    "node_modules/jose": {
      "version": "6.2.2",
      "resolved": "https://registry.npmjs.org/jose/-/jose-6.2.2.tgz",
      "integrity": "sha512-d7kPDd34KO/YnzaDOlikGpOurfF0ByC2sEV4cANCtdqLlTfBlw2p14O/5d/zv40gJPbIQxfES3nSx1/oYNyuZQ==",
      "license": "MIT",
      "peer": true,
      "funding": {
        "url": "https://github.com/sponsors/panva"
      }
    },
    "node_modules/kysely": {
      "version": "0.28.14",
      "resolved": "https://registry.npmjs.org/kysely/-/kysely-0.28.14.tgz",
      "integrity": "sha512-SU3lgh0rPvq7upc6vvdVrCsSMUG1h3ChvHVOY7wJ2fw4C9QEB7X3d5eyYEyULUX7UQtxZJtZXGuT6U2US72UYA==",
      "license": "MIT",
      "peer": true,
      "engines": {
        "node": ">=20.0.0"
      }
    },
    "node_modules/nanostores": {
      "version": "1.2.0",
      "resolved": "https://registry.npmjs.org/nanostores/-/nanostores-1.2.0.tgz",
      "integrity": "sha512-F0wCzbsH80G7XXo0Jd9/AVQC7ouWY6idUCTnMwW5t/Rv9W8qmO6endavDwg7TNp5GbugwSukFMVZqzPSrSMndg==",
      "funding": [
        {
          "type": "github",
          "url": "https://github.com/sponsors/ai"
        }
      ],
      "license": "MIT",
      "peer": true,
      "engines": {
        "node": "^20.0.0 || >=22.0.0"
      }
    },
    "node_modules/rou3": {
      "version": "0.7.12",
      "resolved": "https://registry.npmjs.org/rou3/-/rou3-0.7.12.tgz",
      "integrity": "sha512-iFE4hLDuloSWcD7mjdCDhx2bKcIsYbtOTpfH5MHHLSKMOUyjqQXTeZVa289uuwEGEKFoE/BAPbhaU4B774nceg==",
      "license": "MIT"
    },
    "node_modules/set-cookie-parser": {
      "version": "3.1.0",
      "resolved": "https://registry.npmjs.org/set-cookie-parser/-/set-cookie-parser-3.1.0.tgz",
      "integrity": "sha512-kjnC1DXBHcxaOaOXBHBeRtltsDG2nUiUni+jP92M9gYdW12rsmx92UsfpH7o5tDRs7I1ZZPSQJQGv3UaRfCiuw==",
      "license": "MIT"
    },
    "node_modules/typescript": {
      "resolved": "../../node_modules/.pnpm/typescript@6.0.2/node_modules/typescript",
      "link": true
    },
    "node_modules/zod": {
      "version": "4.3.6",
      "resolved": "https://registry.npmjs.org/zod/-/zod-4.3.6.tgz",
      "integrity": "sha512-rftlrkhHZOcjDwkGlnUtZZkvaPHCsDATp4pGpuOOMDaTdDDXF91wuVDJoWoPsKX/3YPQ5fHuF3STjcYyKr+Qhg==",
      "license": "MIT",
      "peer": true,
      "funding": {
        "url": "https://github.com/sponsors/colinhacks"
      }
    }
  }
}
